{
  "name": "zdo_drawer_menu",
  "version": "1.0.0",
  "lockfileVersion": 1,
  "requires": true,
  "dependencies": {
    "clones": {
      "version": "1.2.0",
      "resolved": "https://registry.npmjs.org/clones/-/clones-1.2.0.tgz",
      "integrity": "sha512-FXDYw4TjR8wgPZYui2LeTqWh1BLpfQ8lB6upMtlpDF6WlOOxghmTTxWyngdKTgozqBgKnHbTVwTE+hOHqAykuQ=="
    },
    "safer-eval": {
      "version": "1.3.6",
      "resolved": "https://registry.npmjs.org/safer-eval/-/safer-eval-1.3.6.tgz",
      "integrity": "sha512-DN9tBsZgtUOHODzSfO1nGCLhZtxc7Qq/d8/2SNxQZ9muYXZspSh1fO7HOsrf4lcelBNviAJLCxB/ggmG+jV1aw==",
      "requires": {
        "clones": "^1.2.0"
      }
    },
    "serialize-to-js": {
      "version": "3.0.1",
      "resolved": "https://registry.npmjs.org/serialize-to-js/-/serialize-to-js-3.0.1.tgz",
      "integrity": "sha512-TokHD6rY0yQxMmZCjeL8Oj+XuQK6uEx8JnBjt7PuqwWa2qY79Wb/KyhEDduTUC8Gl3S7c40jefWve7f5t4L8Lw=="
    }
  }
}
